{
  "version": "5",
  "specifiers": {
    "npm:ollama@~0.6.4": "0.6.4",
    "npm:youtube-transcript@^1.3.1": "1.3.1"
  },
  "npm": {
    "ollama@0.6.4": {
      "integrity": "sha512-KzM6b5Sq0TgipeMTdImuELr/V4eNqrTf37PRzUTHCPPieFmboYw6qPn+pX7+lg0nSP1jsKwy4AFkiQFXhqHeZA==",
      "dependencies": [
        "whatwg-fetch"
      ]
    },
    "whatwg-fetch@3.6.20": {
      "integrity": "sha512-EqhiFU6daOA8kpjOWTL0olhVOF3i7OrFzSYiGsEMB8GcXS+RrzauAERX65xMeNWVqxA6HXH2m69Z9LaKKdisfg=="
    },
    "youtube-transcript@1.3.1": {
      "integrity": "sha512-NDCjwad113TGybbYF51y9Z4tcwzBHUZWQdF9veULNca18L+FdDbHHtTHIr69WVa3bB90l67S8kN0HtL2JO9fhg=="
    }
  },
  "workspace": {
    "dependencies": [
      "npm:ollama@~0.6.4",
      "npm:youtube-transcript@^1.3.1"
    ]
  }
}
